{
    "_readme": [
        "This file locks the dependencies of your project to a known state",
        "Read more about it at https://getcomposer.org/doc/01-basic-usage.md#installing-dependencies",
        "This file is @generated automatically"
    ],
    "content-hash": "3a25ca7ca141561b19dafe2d07804474",
    "packages": [
        {
            "name": "psr/log",
            "version": "3.0.0",
            "source": {
                "type": "git",
                "url": "https://github.com/php-fig/log.git",
                "reference": "fe5ea303b0887d5caefd3d431c3e61ad47037001"
            },
            "dist": {
                "type": "zip",
                "url": "https://api.github.com/repos/php-fig/log/zipball/fe5ea303b0887d5caefd3d431c3e61ad47037001",
                "reference": "fe5ea303b0887d5caefd3d431c3e61ad47037001",
                "shasum": ""
            },
            "require": {
                "php": ">=8.0.0"
            },
            "type": "library",
            "extra": {
                "branch-alias": {
                    "dev-master": "3.x-dev"
                }
            },
            "autoload": {
                "psr-4": {
                    "Psr\\Log\\": "src"
                }
            },
            "notification-url": "https://packagist.org/downloads/",
            "license": [
                "MIT"
            ],
            "authors": [
                {
                    "name": "PHP-FIG",
                    "homepage": "https://www.php-fig.org/"
                }
            ],
            "description": "Common interface for logging libraries",
            "homepage": "https://github.com/php-fig/log",
            "keywords": [
                "log",
                "psr",
                "psr-3"
            ],
            "support": {
                "source": "https://github.com/php-fig/log/tree/3.0.0"
            },
            "time": "2021-07-14T16:46:02+00:00"
        }
    ],
    "packages-dev": [
        {
            "name": "openswoole/ide-helper",
            "version": "dev-master",
            "source": {
                "type": "git",
                "url": "https://github.com/openswoole/ide-helper.git",
                "reference": "6e8831af6dd34e24456cb98272373b030bce94df"
            },
            "dist": {
                "type": "zip",
                "url": "https://api.github.com/repos/openswoole/ide-helper/zipball/6e8831af6dd34e24456cb98272373b030bce94df",
                "reference": "6e8831af6dd34e24456cb98272373b030bce94df",
                "shasum": ""
            },
            "require": {
                "php": ">=7.4"
            },
            "require-dev": {
                "friendsofphp/php-cs-fixer": "^3.3"
            },
            "default-branch": true,
            "type": "library",
            "notification-url": "https://packagist.org/downloads/",
            "license": [
                "Apache-2.0"
            ],
            "authors": [
                {
                    "name": "Open Swoole Group",
                    "email": "hello@openswoole.com"
                }
            ],
            "description": "IDE help files for Open Swoole.",
            "support": {
                "issues": "https://github.com/openswoole/ide-helper/issues",
                "source": "https://github.com/openswoole/ide-helper/tree/master"
            },
            "time": "2022-08-03T13:28:52+00:00"
        }
    ],
    "aliases": [],
    "minimum-stability": "stable",
    "stability-flags": {
        "openswoole/ide-helper": 20
    },
    "prefer-stable": false,
    "prefer-lowest": false,
    "platform": {
        "php": "^8.0.9",
        "ext-ctype": "*",
        "ext-ds": "*",
        "ext-iconv": "*",
        "ext-json": "*",
        "ext-openswoole": "*"
    },
    "platform-dev": [],
    "plugin-api-version": "2.3.0"
}
